
Microsoft Visual Studio Solution File, Format Version 12.00
# Visual Studio 15
VisualStudioVersion = 15.0.28307.852
MinimumVisualStudioVersion = 10.0.40219.1
Project("{FAE04EC0-301F-11D3-BF4B-00C04F79EFBC}") = "AI_esame", "AI_esame\AI_esame.csproj", "{48F2F3FD-FC32-4C4F-A267-FEF850E53A42}"
EndProject
Global
	GlobalSection(SolutionConfigurationPlatforms) = preSolution
		Debug|Any CPU = Debug|Any CPU
		Release|Any CPU = Release|Any CPU
	EndGlobalSection
	GlobalSection(ProjectConfigurationPlatforms) = postSolution
		{48F2F3FD-FC32-4C4F-A267-FEF850E53A42}.Debug|Any CPU.ActiveCfg = Debug|Any CPU
		{48F2F3FD-FC32-4C4F-A267-FEF850E53A42}.Debug|Any CPU.Build.0 = Debug|Any CPU
		{48F2F3FD-FC32-4C4F-A267-FEF850E53A42}.Release|Any CPU.ActiveCfg = Release|Any CPU
		{48F2F3FD-FC32-4C4F-A267-FEF850E53A42}.Release|Any CPU.Build.0 = Release|Any CPU
	EndGlobalSection
	GlobalSection(SolutionProperties) = preSolution
		HideSolutionNode = FALSE
	EndGlobalSection
	GlobalSection(ExtensibilityGlobals) = postSolution
		SolutionGuid = {A56D3F3A-B18E-4A8A-BAB5-C1298675193F}
	EndGlobalSection
EndGlobal
